
Microsoft Visual Studio Solution File, Format Version 12.00
# Visual Studio Version 17
VisualStudioVersion = 17.4.33213.308
MinimumVisualStudioVersion = 10.0.40219.1
Project("{FAE04EC0-301F-11D3-BF4B-00C04F79EFBC}") = "BeribitStatistics", "BeribitStatistics\BeribitStatistics.csproj", "{F45B4731-7EC9-4756-982C-5041FF8FFC95}"
EndProject
Global
	GlobalSection(SolutionConfigurationPlatforms) = preSolution
		Debug|Any CPU = Debug|Any CPU
		Release|Any CPU = Release|Any CPU
	EndGlobalSection
	GlobalSection(ProjectConfigurationPlatforms) = postSolution
		{F45B4731-7EC9-4756-982C-5041FF8FFC95}.Debug|Any CPU.ActiveCfg = Debug|Any CPU
		{F45B4731-7EC9-4756-982C-5041FF8FFC95}.Debug|Any CPU.Build.0 = Debug|Any CPU
		{F45B4731-7EC9-4756-982C-5041FF8FFC95}.Release|Any CPU.ActiveCfg = Release|Any CPU
		{F45B4731-7EC9-4756-982C-5041FF8FFC95}.Release|Any CPU.Build.0 = Release|Any CPU
	EndGlobalSection
	GlobalSection(SolutionProperties) = preSolution
		HideSolutionNode = FALSE
	EndGlobalSection
	GlobalSection(ExtensibilityGlobals) = postSolution
		SolutionGuid = {68B5391F-A9EA-4C9B-8CA8-8456731849F8}
	EndGlobalSection
EndGlobal
